
Microsoft Visual Studio Solution File, Format Version 12.00
# Visual Studio Version 17
VisualStudioVersion = 17.0.31903.59
MinimumVisualStudioVersion = 10.0.40219.1
Project("{FAE04EC0-301F-11D3-BF4B-00C04F79EFBC}") = "MyProject.Api", "MyProject.Api\MyProject.Api.csproj", "{AF06AA6E-07F0-4775-B8D9-452F423318F8}"
EndProject
Project("{FAE04EC0-301F-11D3-BF4B-00C04F79EFBC}") = "MyProject.Infrastructure", "MyProject.Infrastructure\MyProject.Infrastructure.csproj", "{AC700041-F1B5-4BA3-9A1F-F544B9D1CD5B}"
EndProject
Project("{FAE04EC0-301F-11D3-BF4B-00C04F79EFBC}") = "MyProject.Domain", "MyProject.Domain\MyProject.Domain.csproj", "{5872B828-0F24-4386-BEF7-09F998599E73}"
EndProject
Global
	GlobalSection(SolutionConfigurationPlatforms) = preSolution
		Debug|Any CPU = Debug|Any CPU
		Release|Any CPU = Release|Any CPU
	EndGlobalSection
	GlobalSection(SolutionProperties) = preSolution
		HideSolutionNode = FALSE
	EndGlobalSection
	GlobalSection(ProjectConfigurationPlatforms) = postSolution
		{AF06AA6E-07F0-4775-B8D9-452F423318F8}.Debug|Any CPU.ActiveCfg = Debug|Any CPU
		{AF06AA6E-07F0-4775-B8D9-452F423318F8}.Debug|Any CPU.Build.0 = Debug|Any CPU
		{AF06AA6E-07F0-4775-B8D9-452F423318F8}.Release|Any CPU.ActiveCfg = Release|Any CPU
		{AF06AA6E-07F0-4775-B8D9-452F423318F8}.Release|Any CPU.Build.0 = Release|Any CPU
		{AC700041-F1B5-4BA3-9A1F-F544B9D1CD5B}.Debug|Any CPU.ActiveCfg = Debug|Any CPU
		{AC700041-F1B5-4BA3-9A1F-F544B9D1CD5B}.Debug|Any CPU.Build.0 = Debug|Any CPU
		{AC700041-F1B5-4BA3-9A1F-F544B9D1CD5B}.Release|Any CPU.ActiveCfg = Release|Any CPU
		{AC700041-F1B5-4BA3-9A1F-F544B9D1CD5B}.Release|Any CPU.Build.0 = Release|Any CPU
		{5872B828-0F24-4386-BEF7-09F998599E73}.Debug|Any CPU.ActiveCfg = Debug|Any CPU
		{5872B828-0F24-4386-BEF7-09F998599E73}.Debug|Any CPU.Build.0 = Debug|Any CPU
		{5872B828-0F24-4386-BEF7-09F998599E73}.Release|Any CPU.ActiveCfg = Release|Any CPU
		{5872B828-0F24-4386-BEF7-09F998599E73}.Release|Any CPU.Build.0 = Release|Any CPU
	EndGlobalSection
EndGlobal
